
Microsoft Visual Studio Solution File, Format Version 12.00
# Visual Studio Version 16
VisualStudioVersion = 16.0.29709.97
MinimumVisualStudioVersion = 10.0.40219.1
Project("{FAE04EC0-301F-11D3-BF4B-00C04F79EFBC}") = "Skr3D.UI", "Skr3D.UI\Skr3D.UI.csproj", "{FA117418-8694-4E38-B25A-A2C769C9C80A}"
EndProject
Global
	GlobalSection(SolutionConfigurationPlatforms) = preSolution
		Debug|Any CPU = Debug|Any CPU
		Release|Any CPU = Release|Any CPU
	EndGlobalSection
	GlobalSection(ProjectConfigurationPlatforms) = postSolution
		{FA117418-8694-4E38-B25A-A2C769C9C80A}.Debug|Any CPU.ActiveCfg = Debug|Any CPU
		{FA117418-8694-4E38-B25A-A2C769C9C80A}.Debug|Any CPU.Build.0 = Debug|Any CPU
		{FA117418-8694-4E38-B25A-A2C769C9C80A}.Release|Any CPU.ActiveCfg = Release|Any CPU
		{FA117418-8694-4E38-B25A-A2C769C9C80A}.Release|Any CPU.Build.0 = Release|Any CPU
	EndGlobalSection
	GlobalSection(SolutionProperties) = preSolution
		HideSolutionNode = FALSE
	EndGlobalSection
	GlobalSection(ExtensibilityGlobals) = postSolution
		SolutionGuid = {4B6AB2FE-717A-4DA5-A5FE-DB53C1112374}
	EndGlobalSection
EndGlobal
