
Microsoft Visual Studio Solution File, Format Version 12.00
# Visual Studio Version 16
VisualStudioVersion = 16.0.29709.97
MinimumVisualStudioVersion = 10.0.40219.1
Project("{9A19103F-16F7-4668-BE54-9A1E7A4F7556}") = "Skr3D.UI", "Skr3D.UI\Skr3D.UI.csproj", "{FA117418-8694-4E38-B25A-A2C769C9C80A}"
EndProject
Project("{9A19103F-16F7-4668-BE54-9A1E7A4F7556}") = "Skr3D.Application", "Skr3D.Application\Skr3D.Application.csproj", "{B6C77847-8412-4416-989C-884D63547ECA}"
EndProject
Project("{FAE04EC0-301F-11D3-BF4B-00C04F79EFBC}") = "Skr3D.Domain", "Skr3D.Domain\Skr3D.Domain.csproj", "{77B9F522-E0A9-407B-8C5F-32397C36065B}"
EndProject
Project("{FAE04EC0-301F-11D3-BF4B-00C04F79EFBC}") = "Skr3D.Domain.Core", "Skr3D.Domain.Core\Skr3D.Domain.Core.csproj", "{053B0947-D419-4D06-B294-52EF33C25A2D}"
EndProject
Project("{2150E333-8FDC-42A3-9474-1A3956D46DE8}") = "01-Skr3D.UI", "01-Skr3D.UI", "{EFB6257E-1AB8-4F96-B8EF-C9EBA2842855}"
EndProject
Project("{2150E333-8FDC-42A3-9474-1A3956D46DE8}") = "02-Skr3D.Application", "02-Skr3D.Application", "{25AC5DBD-58F3-40A5-AAC6-1ED6ECBABEB8}"
EndProject
Project("{2150E333-8FDC-42A3-9474-1A3956D46DE8}") = "03-Skr3D.Domain", "03-Skr3D.Domain", "{529CC914-0581-49FE-A4F5-77AFA575FC02}"
EndProject
Project("{FAE04EC0-301F-11D3-BF4B-00C04F79EFBC}") = "Skr3D.Infrastruct.Data", "Skr3D.Infrastruct.Data\Skr3D.Infrastruct.Data.csproj", "{7F6B6630-6910-4041-BE74-BB1EFDDCC6B0}"
EndProject
Project("{FAE04EC0-301F-11D3-BF4B-00C04F79EFBC}") = "Skr3D.Infrastruct", "Skr3D.Infrastruct\Skr3D.Infrastruct.csproj", "{1178AA03-DED8-487E-8847-3007A1F3C40B}"
EndProject
Project("{2150E333-8FDC-42A3-9474-1A3956D46DE8}") = "----Skr3D.Infrastruct", "----Skr3D.Infrastruct", "{A99A0288-16E4-4441-B80A-63B2D6176A58}"
EndProject
Global
	GlobalSection(SolutionConfigurationPlatforms) = preSolution
		Debug|Any CPU = Debug|Any CPU
		Release|Any CPU = Release|Any CPU
	EndGlobalSection
	GlobalSection(ProjectConfigurationPlatforms) = postSolution
		{FA117418-8694-4E38-B25A-A2C769C9C80A}.Debug|Any CPU.ActiveCfg = Debug|Any CPU
		{FA117418-8694-4E38-B25A-A2C769C9C80A}.Debug|Any CPU.Build.0 = Debug|Any CPU
		{FA117418-8694-4E38-B25A-A2C769C9C80A}.Release|Any CPU.ActiveCfg = Release|Any CPU
		{FA117418-8694-4E38-B25A-A2C769C9C80A}.Release|Any CPU.Build.0 = Release|Any CPU
		{B6C77847-8412-4416-989C-884D63547ECA}.Debug|Any CPU.ActiveCfg = Debug|Any CPU
		{B6C77847-8412-4416-989C-884D63547ECA}.Debug|Any CPU.Build.0 = Debug|Any CPU
		{B6C77847-8412-4416-989C-884D63547ECA}.Release|Any CPU.ActiveCfg = Release|Any CPU
		{B6C77847-8412-4416-989C-884D63547ECA}.Release|Any CPU.Build.0 = Release|Any CPU
		{77B9F522-E0A9-407B-8C5F-32397C36065B}.Debug|Any CPU.ActiveCfg = Debug|Any CPU
		{77B9F522-E0A9-407B-8C5F-32397C36065B}.Debug|Any CPU.Build.0 = Debug|Any CPU
		{77B9F522-E0A9-407B-8C5F-32397C36065B}.Release|Any CPU.ActiveCfg = Release|Any CPU
		{77B9F522-E0A9-407B-8C5F-32397C36065B}.Release|Any CPU.Build.0 = Release|Any CPU
		{053B0947-D419-4D06-B294-52EF33C25A2D}.Debug|Any CPU.ActiveCfg = Debug|Any CPU
		{053B0947-D419-4D06-B294-52EF33C25A2D}.Debug|Any CPU.Build.0 = Debug|Any CPU
		{053B0947-D419-4D06-B294-52EF33C25A2D}.Release|Any CPU.ActiveCfg = Release|Any CPU
		{053B0947-D419-4D06-B294-52EF33C25A2D}.Release|Any CPU.Build.0 = Release|Any CPU
		{7F6B6630-6910-4041-BE74-BB1EFDDCC6B0}.Debug|Any CPU.ActiveCfg = Debug|Any CPU
		{7F6B6630-6910-4041-BE74-BB1EFDDCC6B0}.Debug|Any CPU.Build.0 = Debug|Any CPU
		{7F6B6630-6910-4041-BE74-BB1EFDDCC6B0}.Release|Any CPU.ActiveCfg = Release|Any CPU
		{7F6B6630-6910-4041-BE74-BB1EFDDCC6B0}.Release|Any CPU.Build.0 = Release|Any CPU
		{1178AA03-DED8-487E-8847-3007A1F3C40B}.Debug|Any CPU.ActiveCfg = Debug|Any CPU
		{1178AA03-DED8-487E-8847-3007A1F3C40B}.Debug|Any CPU.Build.0 = Debug|Any CPU
		{1178AA03-DED8-487E-8847-3007A1F3C40B}.Release|Any CPU.ActiveCfg = Release|Any CPU
		{1178AA03-DED8-487E-8847-3007A1F3C40B}.Release|Any CPU.Build.0 = Release|Any CPU
	EndGlobalSection
	GlobalSection(SolutionProperties) = preSolution
		HideSolutionNode = FALSE
	EndGlobalSection
	GlobalSection(NestedProjects) = preSolution
		{FA117418-8694-4E38-B25A-A2C769C9C80A} = {EFB6257E-1AB8-4F96-B8EF-C9EBA2842855}
		{B6C77847-8412-4416-989C-884D63547ECA} = {25AC5DBD-58F3-40A5-AAC6-1ED6ECBABEB8}
		{77B9F522-E0A9-407B-8C5F-32397C36065B} = {529CC914-0581-49FE-A4F5-77AFA575FC02}
		{053B0947-D419-4D06-B294-52EF33C25A2D} = {529CC914-0581-49FE-A4F5-77AFA575FC02}
		{7F6B6630-6910-4041-BE74-BB1EFDDCC6B0} = {A99A0288-16E4-4441-B80A-63B2D6176A58}
		{1178AA03-DED8-487E-8847-3007A1F3C40B} = {A99A0288-16E4-4441-B80A-63B2D6176A58}
	EndGlobalSection
	GlobalSection(ExtensibilityGlobals) = postSolution
		SolutionGuid = {4B6AB2FE-717A-4DA5-A5FE-DB53C1112374}
	EndGlobalSection
EndGlobal
